
Microsoft Visual Studio Solution File, Format Version 12.00
# Visual Studio Version 17
VisualStudioVersion = 17.0.31903.59
MinimumVisualStudioVersion = 10.0.40219.1
Project("{FAE04EC0-301F-11D3-BF4B-00C04F79EFBC}") = "Book.Api", "Book.Api\Book.Api.csproj", "{DD36D8F9-15D3-4592-ADD4-D727B282EEA6}"
EndProject
Project("{FAE04EC0-301F-11D3-BF4B-00C04F79EFBC}") = "Data", "Data\Data.csproj", "{9A5C148D-5CB7-4291-95E3-B52F2EA6F430}"
EndProject
Project("{FAE04EC0-301F-11D3-BF4B-00C04F79EFBC}") = "Core", "Core\Core.csproj", "{B09704D7-6EB4-45AF-AC16-7AB7D5D2A6E7}"
EndProject
Global
	GlobalSection(SolutionConfigurationPlatforms) = preSolution
		Debug|Any CPU = Debug|Any CPU
		Release|Any CPU = Release|Any CPU
	EndGlobalSection
	GlobalSection(ProjectConfigurationPlatforms) = postSolution
		{DD36D8F9-15D3-4592-ADD4-D727B282EEA6}.Debug|Any CPU.ActiveCfg = Debug|Any CPU
		{DD36D8F9-15D3-4592-ADD4-D727B282EEA6}.Debug|Any CPU.Build.0 = Debug|Any CPU
		{DD36D8F9-15D3-4592-ADD4-D727B282EEA6}.Release|Any CPU.ActiveCfg = Release|Any CPU
		{DD36D8F9-15D3-4592-ADD4-D727B282EEA6}.Release|Any CPU.Build.0 = Release|Any CPU
		{9A5C148D-5CB7-4291-95E3-B52F2EA6F430}.Debug|Any CPU.ActiveCfg = Debug|Any CPU
		{9A5C148D-5CB7-4291-95E3-B52F2EA6F430}.Debug|Any CPU.Build.0 = Debug|Any CPU
		{9A5C148D-5CB7-4291-95E3-B52F2EA6F430}.Release|Any CPU.ActiveCfg = Release|Any CPU
		{9A5C148D-5CB7-4291-95E3-B52F2EA6F430}.Release|Any CPU.Build.0 = Release|Any CPU
		{B09704D7-6EB4-45AF-AC16-7AB7D5D2A6E7}.Debug|Any CPU.ActiveCfg = Debug|Any CPU
		{B09704D7-6EB4-45AF-AC16-7AB7D5D2A6E7}.Debug|Any CPU.Build.0 = Debug|Any CPU
		{B09704D7-6EB4-45AF-AC16-7AB7D5D2A6E7}.Release|Any CPU.ActiveCfg = Release|Any CPU
		{B09704D7-6EB4-45AF-AC16-7AB7D5D2A6E7}.Release|Any CPU.Build.0 = Release|Any CPU
	EndGlobalSection
	GlobalSection(SolutionProperties) = preSolution
		HideSolutionNode = FALSE
	EndGlobalSection
	GlobalSection(ExtensibilityGlobals) = postSolution
		SolutionGuid = {5777201E-1565-43BB-9E21-7DB619BE1203}
	EndGlobalSection
EndGlobal
